
Microsoft Visual Studio Solution File, Format Version 12.00
# Visual Studio Version 16
VisualStudioVersion = 16.0.31019.35
MinimumVisualStudioVersion = 10.0.40219.1
Project("{FAE04EC0-301F-11D3-BF4B-00C04F79EFBC}") = "DogBarberShopProject", "DogBarberShopProject\DogBarberShopProject.csproj", "{28BBE50A-DB4D-4744-96A8-F8F85440BAC0}"
EndProject
Global
	GlobalSection(SolutionConfigurationPlatforms) = preSolution
		Debug|Any CPU = Debug|Any CPU
		Release|Any CPU = Release|Any CPU
	EndGlobalSection
	GlobalSection(ProjectConfigurationPlatforms) = postSolution
		{28BBE50A-DB4D-4744-96A8-F8F85440BAC0}.Debug|Any CPU.ActiveCfg = Debug|Any CPU
		{28BBE50A-DB4D-4744-96A8-F8F85440BAC0}.Debug|Any CPU.Build.0 = Debug|Any CPU
		{28BBE50A-DB4D-4744-96A8-F8F85440BAC0}.Release|Any CPU.ActiveCfg = Release|Any CPU
		{28BBE50A-DB4D-4744-96A8-F8F85440BAC0}.Release|Any CPU.Build.0 = Release|Any CPU
	EndGlobalSection
	GlobalSection(SolutionProperties) = preSolution
		HideSolutionNode = FALSE
	EndGlobalSection
	GlobalSection(ExtensibilityGlobals) = postSolution
		SolutionGuid = {D36B1082-9705-4897-A5B3-7CB0186C3DFB}
	EndGlobalSection
EndGlobal
